
Microsoft Visual Studio Solution File, Format Version 12.00
# Visual Studio 15
VisualStudioVersion = 15.0.26228.9
MinimumVisualStudioVersion = 10.0.40219.1
Project("{FAE04EC0-301F-11D3-BF4B-00C04F79EFBC}") = "XyrusWorx.Runtime.Graphics", "lib\XyrusWorx.Runtime.Graphics\XyrusWorx.Runtime.Graphics.csproj", "{2C065FAF-F0A9-4796-93BB-8C8B25F9AE4D}"
EndProject
Project("{FAE04EC0-301F-11D3-BF4B-00C04F79EFBC}") = "XyrusWorx.Runtime.Primitives", "lib\XyrusWorx.Runtime.Primitives\XyrusWorx.Runtime.Primitives.csproj", "{049FE5BD-55BB-40DD-A0CB-D2CD4D19EC15}"
EndProject
Project("{FAE04EC0-301F-11D3-BF4B-00C04F79EFBC}") = "XyrusWorx.Runtime.Graphics.Acceleration", "lib\XyrusWorx.Runtime.Graphics.Acceleration\XyrusWorx.Runtime.Graphics.Acceleration.csproj", "{21641FA1-884A-4B12-9009-87429F07D787}"
EndProject
Project("{FAE04EC0-301F-11D3-BF4B-00C04F79EFBC}") = "XyrusWorx.Runtime.ComputeShaderTest", "workbench\XyrusWorx.Runtime.ComputeShaderTest\XyrusWorx.Runtime.ComputeShaderTest.csproj", "{994C732F-4CF5-4FF5-B336-70F61AE4AEC7}"
EndProject
Project("{FAE04EC0-301F-11D3-BF4B-00C04F79EFBC}") = "XyrusWorx.Runtime.Data", "lib\XyrusWorx.Runtime.Data\XyrusWorx.Runtime.Data.csproj", "{8CA92FAB-F5B8-4302-889C-EE32132C609E}"
EndProject
Global
	GlobalSection(SolutionProperties) = preSolution
		HideSolutionNode = FALSE
	EndGlobalSection
	GlobalSection(SolutionConfigurationPlatforms) = preSolution
		Debug|Any CPU = Debug|Any CPU
		Release|Any CPU = Release|Any CPU
	EndGlobalSection
	GlobalSection(ProjectConfigurationPlatforms) = postSolution
		{2C065FAF-F0A9-4796-93BB-8C8B25F9AE4D}.Debug|Any CPU.ActiveCfg = Debug|Any CPU
		{2C065FAF-F0A9-4796-93BB-8C8B25F9AE4D}.Debug|Any CPU.Build.0 = Debug|Any CPU
		{2C065FAF-F0A9-4796-93BB-8C8B25F9AE4D}.Release|Any CPU.ActiveCfg = Release|Any CPU
		{2C065FAF-F0A9-4796-93BB-8C8B25F9AE4D}.Release|Any CPU.Build.0 = Release|Any CPU
		{049FE5BD-55BB-40DD-A0CB-D2CD4D19EC15}.Debug|Any CPU.ActiveCfg = Debug|Any CPU
		{049FE5BD-55BB-40DD-A0CB-D2CD4D19EC15}.Debug|Any CPU.Build.0 = Debug|Any CPU
		{049FE5BD-55BB-40DD-A0CB-D2CD4D19EC15}.Release|Any CPU.ActiveCfg = Release|Any CPU
		{049FE5BD-55BB-40DD-A0CB-D2CD4D19EC15}.Release|Any CPU.Build.0 = Release|Any CPU
		{21641FA1-884A-4B12-9009-87429F07D787}.Debug|Any CPU.ActiveCfg = Debug|Any CPU
		{21641FA1-884A-4B12-9009-87429F07D787}.Debug|Any CPU.Build.0 = Debug|Any CPU
		{21641FA1-884A-4B12-9009-87429F07D787}.Release|Any CPU.ActiveCfg = Release|Any CPU
		{21641FA1-884A-4B12-9009-87429F07D787}.Release|Any CPU.Build.0 = Release|Any CPU
		{994C732F-4CF5-4FF5-B336-70F61AE4AEC7}.Debug|Any CPU.ActiveCfg = Debug|Any CPU
		{994C732F-4CF5-4FF5-B336-70F61AE4AEC7}.Debug|Any CPU.Build.0 = Debug|Any CPU
		{994C732F-4CF5-4FF5-B336-70F61AE4AEC7}.Release|Any CPU.ActiveCfg = Release|Any CPU
		{994C732F-4CF5-4FF5-B336-70F61AE4AEC7}.Release|Any CPU.Build.0 = Release|Any CPU
		{8CA92FAB-F5B8-4302-889C-EE32132C609E}.Debug|Any CPU.ActiveCfg = Debug|Any CPU
		{8CA92FAB-F5B8-4302-889C-EE32132C609E}.Debug|Any CPU.Build.0 = Debug|Any CPU
		{8CA92FAB-F5B8-4302-889C-EE32132C609E}.Release|Any CPU.ActiveCfg = Release|Any CPU
		{8CA92FAB-F5B8-4302-889C-EE32132C609E}.Release|Any CPU.Build.0 = Release|Any CPU
	EndGlobalSection
EndGlobal
